
Microsoft Visual Studio Solution File, Format Version 12.00
# Visual Studio 14
VisualStudioVersion = 14.0.25420.1
MinimumVisualStudioVersion = 10.0.40219.1
Project("{FAE04EC0-301F-11D3-BF4B-00C04F79EFBC}") = "SiparisTakip.Dal", "SiparisTakip.Dal\SiparisTakip.Dal.csproj", "{97CA4744-4B12-4281-8D1C-B6315597F2DA}"
EndProject
Project("{FAE04EC0-301F-11D3-BF4B-00C04F79EFBC}") = "SiparisTakip.BLL", "SiparisTakip.BLL\SiparisTakip.BLL.csproj", "{4F28C5F8-A486-497E-A1B7-5BA04DC1C5CC}"
EndProject
Project("{FAE04EC0-301F-11D3-BF4B-00C04F79EFBC}") = "SiparisTakip.AspNetMvcUI", "SiparisTakip.AspNetMvcUI\SiparisTakip.AspNetMvcUI.csproj", "{0BDA8B12-78A1-4029-847A-BAFB8FD9083C}"
EndProject
Project("{FAE04EC0-301F-11D3-BF4B-00C04F79EFBC}") = "SiparisTakip.AspNetMvcUI.Tests", "SiparisTakip.AspNetMvcUI.Tests\SiparisTakip.AspNetMvcUI.Tests.csproj", "{A0A2F865-8BC5-4A2E-868A-7D026900826F}"
EndProject
Project("{FAE04EC0-301F-11D3-BF4B-00C04F79EFBC}") = "SiparisTakip.Entity", "SiparisTakip.Entity\SiparisTakip.Entity.csproj", "{3BA0E63B-44CB-4696-A4B5-60413B6CE707}"
EndProject
Project("{FAE04EC0-301F-11D3-BF4B-00C04F79EFBC}") = "SiparisTakip.Interfaces", "SiparisTakip.Interfaces\SiparisTakip.Interfaces.csproj", "{3FE470FF-4330-49AB-A548-923BE1011FCD}"
EndProject
Project("{FAE04EC0-301F-11D3-BF4B-00C04F79EFBC}") = "SiparisTakip.Cache", "SiparisTakip.Cache\SiparisTakip.Cache.csproj", "{D42A8BA3-C181-4008-8145-218DA5DA7EF5}"
EndProject
Project("{FAE04EC0-301F-11D3-BF4B-00C04F79EFBC}") = "SiparisTakip.WcfServiceLibrary", "SiparisTakip.WcfServiceLibrary\SiparisTakip.WcfServiceLibrary.csproj", "{3A07D6FC-5A23-47A5-ADF1-4F3EBADCCC85}"
EndProject
Project("{E24C65DC-7377-472B-9ABA-BC803B73C61A}") = "SiparisTakip.WcfIISHost", "SiparisTakip.WcfIISHost\", "{08A15B0A-B289-425A-8456-6A461849AF77}"
	ProjectSection(WebsiteProperties) = preProject
		TargetFrameworkMoniker = ".NETFramework,Version%3Dv4.5.2"
		Debug.AspNetCompiler.VirtualPath = "/localhost_51494"
		Debug.AspNetCompiler.PhysicalPath = "SiparisTakip.WcfIISHost\"
		Debug.AspNetCompiler.TargetPath = "PrecompiledWeb\localhost_51494\"
		Debug.AspNetCompiler.Updateable = "true"
		Debug.AspNetCompiler.ForceOverwrite = "true"
		Debug.AspNetCompiler.FixedNames = "false"
		Debug.AspNetCompiler.Debug = "True"
		Release.AspNetCompiler.VirtualPath = "/localhost_51494"
		Release.AspNetCompiler.PhysicalPath = "SiparisTakip.WcfIISHost\"
		Release.AspNetCompiler.TargetPath = "PrecompiledWeb\localhost_51494\"
		Release.AspNetCompiler.Updateable = "true"
		Release.AspNetCompiler.ForceOverwrite = "true"
		Release.AspNetCompiler.FixedNames = "false"
		Release.AspNetCompiler.Debug = "False"
		VWDPort = "51494"
		SlnRelativePath = "SiparisTakip.WcfIISHost\"
		DefaultWebSiteLanguage = "Visual C#"
	EndProjectSection
EndProject
Project("{FAE04EC0-301F-11D3-BF4B-00C04F79EFBC}") = "SiparisTakip.AspNetMvcWebApi", "SiparisTakip.AspNetMvcWebApi\SiparisTakip.AspNetMvcWebApi.csproj", "{6A8C22B3-05F4-4BA5-BF30-495AFA5D0D79}"
EndProject
Project("{FAE04EC0-301F-11D3-BF4B-00C04F79EFBC}") = "Test", "Test\Test.csproj", "{00C1BE27-45C8-40F6-B5DC-785FBDB79806}"
EndProject
Global
	GlobalSection(SolutionConfigurationPlatforms) = preSolution
		Debug|Any CPU = Debug|Any CPU
		Release|Any CPU = Release|Any CPU
	EndGlobalSection
	GlobalSection(ProjectConfigurationPlatforms) = postSolution
		{97CA4744-4B12-4281-8D1C-B6315597F2DA}.Debug|Any CPU.ActiveCfg = Debug|Any CPU
		{97CA4744-4B12-4281-8D1C-B6315597F2DA}.Debug|Any CPU.Build.0 = Debug|Any CPU
		{97CA4744-4B12-4281-8D1C-B6315597F2DA}.Release|Any CPU.ActiveCfg = Release|Any CPU
		{97CA4744-4B12-4281-8D1C-B6315597F2DA}.Release|Any CPU.Build.0 = Release|Any CPU
		{4F28C5F8-A486-497E-A1B7-5BA04DC1C5CC}.Debug|Any CPU.ActiveCfg = Debug|Any CPU
		{4F28C5F8-A486-497E-A1B7-5BA04DC1C5CC}.Debug|Any CPU.Build.0 = Debug|Any CPU
		{4F28C5F8-A486-497E-A1B7-5BA04DC1C5CC}.Release|Any CPU.ActiveCfg = Release|Any CPU
		{4F28C5F8-A486-497E-A1B7-5BA04DC1C5CC}.Release|Any CPU.Build.0 = Release|Any CPU
		{0BDA8B12-78A1-4029-847A-BAFB8FD9083C}.Debug|Any CPU.ActiveCfg = Debug|Any CPU
		{0BDA8B12-78A1-4029-847A-BAFB8FD9083C}.Debug|Any CPU.Build.0 = Debug|Any CPU
		{0BDA8B12-78A1-4029-847A-BAFB8FD9083C}.Release|Any CPU.ActiveCfg = Release|Any CPU
		{0BDA8B12-78A1-4029-847A-BAFB8FD9083C}.Release|Any CPU.Build.0 = Release|Any CPU
		{A0A2F865-8BC5-4A2E-868A-7D026900826F}.Debug|Any CPU.ActiveCfg = Debug|Any CPU
		{A0A2F865-8BC5-4A2E-868A-7D026900826F}.Debug|Any CPU.Build.0 = Debug|Any CPU
		{A0A2F865-8BC5-4A2E-868A-7D026900826F}.Release|Any CPU.ActiveCfg = Release|Any CPU
		{A0A2F865-8BC5-4A2E-868A-7D026900826F}.Release|Any CPU.Build.0 = Release|Any CPU
		{3BA0E63B-44CB-4696-A4B5-60413B6CE707}.Debug|Any CPU.ActiveCfg = Debug|Any CPU
		{3BA0E63B-44CB-4696-A4B5-60413B6CE707}.Debug|Any CPU.Build.0 = Debug|Any CPU
		{3BA0E63B-44CB-4696-A4B5-60413B6CE707}.Release|Any CPU.ActiveCfg = Release|Any CPU
		{3BA0E63B-44CB-4696-A4B5-60413B6CE707}.Release|Any CPU.Build.0 = Release|Any CPU
		{3FE470FF-4330-49AB-A548-923BE1011FCD}.Debug|Any CPU.ActiveCfg = Debug|Any CPU
		{3FE470FF-4330-49AB-A548-923BE1011FCD}.Debug|Any CPU.Build.0 = Debug|Any CPU
		{3FE470FF-4330-49AB-A548-923BE1011FCD}.Release|Any CPU.ActiveCfg = Release|Any CPU
		{3FE470FF-4330-49AB-A548-923BE1011FCD}.Release|Any CPU.Build.0 = Release|Any CPU
		{D42A8BA3-C181-4008-8145-218DA5DA7EF5}.Debug|Any CPU.ActiveCfg = Debug|Any CPU
		{D42A8BA3-C181-4008-8145-218DA5DA7EF5}.Debug|Any CPU.Build.0 = Debug|Any CPU
		{D42A8BA3-C181-4008-8145-218DA5DA7EF5}.Release|Any CPU.ActiveCfg = Release|Any CPU
		{D42A8BA3-C181-4008-8145-218DA5DA7EF5}.Release|Any CPU.Build.0 = Release|Any CPU
		{3A07D6FC-5A23-47A5-ADF1-4F3EBADCCC85}.Debug|Any CPU.ActiveCfg = Debug|Any CPU
		{3A07D6FC-5A23-47A5-ADF1-4F3EBADCCC85}.Debug|Any CPU.Build.0 = Debug|Any CPU
		{3A07D6FC-5A23-47A5-ADF1-4F3EBADCCC85}.Release|Any CPU.ActiveCfg = Release|Any CPU
		{3A07D6FC-5A23-47A5-ADF1-4F3EBADCCC85}.Release|Any CPU.Build.0 = Release|Any CPU
		{08A15B0A-B289-425A-8456-6A461849AF77}.Debug|Any CPU.ActiveCfg = Debug|Any CPU
		{08A15B0A-B289-425A-8456-6A461849AF77}.Debug|Any CPU.Build.0 = Debug|Any CPU
		{08A15B0A-B289-425A-8456-6A461849AF77}.Release|Any CPU.ActiveCfg = Debug|Any CPU
		{08A15B0A-B289-425A-8456-6A461849AF77}.Release|Any CPU.Build.0 = Debug|Any CPU
		{6A8C22B3-05F4-4BA5-BF30-495AFA5D0D79}.Debug|Any CPU.ActiveCfg = Debug|Any CPU
		{6A8C22B3-05F4-4BA5-BF30-495AFA5D0D79}.Debug|Any CPU.Build.0 = Debug|Any CPU
		{6A8C22B3-05F4-4BA5-BF30-495AFA5D0D79}.Release|Any CPU.ActiveCfg = Release|Any CPU
		{6A8C22B3-05F4-4BA5-BF30-495AFA5D0D79}.Release|Any CPU.Build.0 = Release|Any CPU
		{00C1BE27-45C8-40F6-B5DC-785FBDB79806}.Debug|Any CPU.ActiveCfg = Debug|Any CPU
		{00C1BE27-45C8-40F6-B5DC-785FBDB79806}.Debug|Any CPU.Build.0 = Debug|Any CPU
		{00C1BE27-45C8-40F6-B5DC-785FBDB79806}.Release|Any CPU.ActiveCfg = Release|Any CPU
		{00C1BE27-45C8-40F6-B5DC-785FBDB79806}.Release|Any CPU.Build.0 = Release|Any CPU
	EndGlobalSection
	GlobalSection(SolutionProperties) = preSolution
		HideSolutionNode = FALSE
	EndGlobalSection
EndGlobal
